
Microsoft Visual Studio Solution File, Format Version 12.00
# Visual Studio Version 16
VisualStudioVersion = 16.0.31005.135
MinimumVisualStudioVersion = 10.0.40219.1
Project("{FAE04EC0-301F-11D3-BF4B-00C04F79EFBC}") = "operatory sravneniya", "operatory sravneniya\operatory sravneniya.csproj", "{50ED7BE3-01CC-40B3-8297-3F98C2AE7795}"
EndProject
Global
	GlobalSection(SolutionConfigurationPlatforms) = preSolution
		Debug|Any CPU = Debug|Any CPU
		Release|Any CPU = Release|Any CPU
	EndGlobalSection
	GlobalSection(ProjectConfigurationPlatforms) = postSolution
		{50ED7BE3-01CC-40B3-8297-3F98C2AE7795}.Debug|Any CPU.ActiveCfg = Debug|Any CPU
		{50ED7BE3-01CC-40B3-8297-3F98C2AE7795}.Debug|Any CPU.Build.0 = Debug|Any CPU
		{50ED7BE3-01CC-40B3-8297-3F98C2AE7795}.Release|Any CPU.ActiveCfg = Release|Any CPU
		{50ED7BE3-01CC-40B3-8297-3F98C2AE7795}.Release|Any CPU.Build.0 = Release|Any CPU
	EndGlobalSection
	GlobalSection(SolutionProperties) = preSolution
		HideSolutionNode = FALSE
	EndGlobalSection
	GlobalSection(ExtensibilityGlobals) = postSolution
		SolutionGuid = {BA592F71-03DD-42A4-AE56-A4C43180622C}
	EndGlobalSection
EndGlobal
